Microsoft Visual Studio Solution File, Format Version 11.00
# Visual Studio 2008

Project("{CF22B607-5AA6-D41F-E67E-EDC51127F368}") = "RealM", "Assembly-CSharp.csproj", "{64506A13-9DBE-4A5C-C170-F26406D75807}"
EndProject
Global
	GlobalSection(SolutionConfigurationPlatforms) = preSolution
		Debug|Any CPU = Debug|Any CPU
		Release|Any CPU = Release|Any CPU
	EndGlobalSection
	GlobalSection(ProjectConfigurationPlatforms) = postSolution
		{64506A13-9DBE-4A5C-C170-F26406D75807}.Debug|Any CPU.ActiveCfg = Debug|Any CPU
		{64506A13-9DBE-4A5C-C170-F26406D75807}.Debug|Any CPU.Build.0 = Debug|Any CPU
		{64506A13-9DBE-4A5C-C170-F26406D75807}.Release|Any CPU.ActiveCfg = Release|Any CPU
		{64506A13-9DBE-4A5C-C170-F26406D75807}.Release|Any CPU.Build.0 = Release|Any CPU
	EndGlobalSection
	GlobalSection(SolutionProperties) = preSolution
		HideSolutionNode = FALSE
	EndGlobalSection
	GlobalSection(MonoDevelopProperties) = preSolution
		StartupItem = Assembly-CSharp.csproj
	EndGlobalSection
EndGlobal
